lockfileVersion: '9.0'

settings:
  autoInstallPeers: true
  excludeLinksFromLockfile: false

importers:

  .:
    dependencies:
      swipl-wasm:
        specifier: ^5.0.9
        version: 5.0.9

packages:

  '@types/emscripten@1.40.1':
    resolution: {integrity: sha512-sr53lnYkQNhjHNN0oJDdUm5564biioI5DuOpycufDVK7D3y+GR3oUswe2rlwY1nPNyusHbrJ9WoTyIHl4/Bpwg==}

  swipl-wasm@5.0.9:
    resolution: {integrity: sha512-itQJB9Bzr456NzxmVK+2TNsqmsVxzzuMgJs9GMWNHi5eSPAP6pOV0k69sTMNTDd5kDZkP3t6jqf7nd0eY0TRUg==}
    hasBin: true

snapshots:

  '@types/emscripten@1.40.1': {}

  swipl-wasm@5.0.9:
    dependencies:
      '@types/emscripten': 1.40.1
